
Microsoft Visual Studio Solution File, Format Version 12.00
Project("{FAE04EC0-301F-11D3-BF4B-00C04F79EFBC}") = "AdventOfCode.2024.3", "AdventOfCode.2024.3\AdventOfCode.2024.3.csproj", "{0B18497D-D09C-4FF1-8A99-18040B817E25}"
EndProject
Global
	GlobalSection(SolutionConfigurationPlatforms) = preSolution
		Debug|Any CPU = Debug|Any CPU
		Release|Any CPU = Release|Any CPU
	EndGlobalSection
	GlobalSection(ProjectConfigurationPlatforms) = postSolution
		{0B18497D-D09C-4FF1-8A99-18040B817E25}.Debug|Any CPU.ActiveCfg = Debug|Any CPU
		{0B18497D-D09C-4FF1-8A99-18040B817E25}.Debug|Any CPU.Build.0 = Debug|Any CPU
		{0B18497D-D09C-4FF1-8A99-18040B817E25}.Release|Any CPU.ActiveCfg = Release|Any CPU
		{0B18497D-D09C-4FF1-8A99-18040B817E25}.Release|Any CPU.Build.0 = Release|Any CPU
	EndGlobalSection
EndGlobal
