
Microsoft Visual Studio Solution File, Format Version 12.00
Project("{FAE04EC0-301F-11D3-BF4B-00C04F79EFBC}") = "AdventOfCode.2024.2", "AdventOfCode.2024.2\AdventOfCode.2024.2.csproj", "{AF9D7596-80FF-424B-BA00-3C55482889B8}"
EndProject
Global
	GlobalSection(SolutionConfigurationPlatforms) = preSolution
		Debug|Any CPU = Debug|Any CPU
		Release|Any CPU = Release|Any CPU
	EndGlobalSection
	GlobalSection(ProjectConfigurationPlatforms) = postSolution
		{AF9D7596-80FF-424B-BA00-3C55482889B8}.Debug|Any CPU.ActiveCfg = Debug|Any CPU
		{AF9D7596-80FF-424B-BA00-3C55482889B8}.Debug|Any CPU.Build.0 = Debug|Any CPU
		{AF9D7596-80FF-424B-BA00-3C55482889B8}.Release|Any CPU.ActiveCfg = Release|Any CPU
		{AF9D7596-80FF-424B-BA00-3C55482889B8}.Release|Any CPU.Build.0 = Release|Any CPU
	EndGlobalSection
EndGlobal
